
Microsoft Visual Studio Solution File, Format Version 12.00
# Visual Studio 15
VisualStudioVersion = 15.0.27428.2027
MinimumVisualStudioVersion = 10.0.40219.1
Project("{FAE04EC0-301F-11D3-BF4B-00C04F79EFBC}") = "Sitecore.MimeTypeList", "Sitecore.MimeTypeList\Sitecore.MimeTypeList.csproj", "{7F0E4BE8-6312-4A94-BBE8-9668354C955C}"
EndProject
Global
	GlobalSection(SolutionConfigurationPlatforms) = preSolution
		Debug|Any CPU = Debug|Any CPU
		Release|Any CPU = Release|Any CPU
	EndGlobalSection
	GlobalSection(ProjectConfigurationPlatforms) = postSolution
		{7F0E4BE8-6312-4A94-BBE8-9668354C955C}.Debug|Any CPU.ActiveCfg = Debug|Any CPU
		{7F0E4BE8-6312-4A94-BBE8-9668354C955C}.Debug|Any CPU.Build.0 = Debug|Any CPU
		{7F0E4BE8-6312-4A94-BBE8-9668354C955C}.Release|Any CPU.ActiveCfg = Release|Any CPU
		{7F0E4BE8-6312-4A94-BBE8-9668354C955C}.Release|Any CPU.Build.0 = Release|Any CPU
	EndGlobalSection
	GlobalSection(SolutionProperties) = preSolution
		HideSolutionNode = FALSE
	EndGlobalSection
	GlobalSection(ExtensibilityGlobals) = postSolution
		SolutionGuid = {4F335BC2-F509-4F2E-B454-1E78DEAD84B5}
	EndGlobalSection
EndGlobal
